
Microsoft Visual Studio Solution File, Format Version 12.00
Project("{FAE04EC0-301F-11D3-BF4B-00C04F79EFBC}") = "CodeWarsExercises", "CodeWarsExercises\CodeWarsExercises.csproj", "{31617832-7E6A-4CDE-9400-92D8BE0B5C23}"
EndProject
Project("{FAE04EC0-301F-11D3-BF4B-00C04F79EFBC}") = "ToUperCase", "ToUperCase\ToUperCase.csproj", "{7E609FCF-FB58-4098-A3E7-267F010FA320}"
EndProject
Project("{FAE04EC0-301F-11D3-BF4B-00C04F79EFBC}") = "UnitTests", "UnitTests\UnitTests.csproj", "{777BD7F7-0482-4E75-8E5D-D79ACC8E68BB}"
EndProject
Global
	GlobalSection(SolutionConfigurationPlatforms) = preSolution
		Debug|Any CPU = Debug|Any CPU
		Release|Any CPU = Release|Any CPU
	EndGlobalSection
	GlobalSection(ProjectConfigurationPlatforms) = postSolution
		{31617832-7E6A-4CDE-9400-92D8BE0B5C23}.Debug|Any CPU.ActiveCfg = Debug|Any CPU
		{31617832-7E6A-4CDE-9400-92D8BE0B5C23}.Debug|Any CPU.Build.0 = Debug|Any CPU
		{31617832-7E6A-4CDE-9400-92D8BE0B5C23}.Release|Any CPU.ActiveCfg = Release|Any CPU
		{31617832-7E6A-4CDE-9400-92D8BE0B5C23}.Release|Any CPU.Build.0 = Release|Any CPU
		{7E609FCF-FB58-4098-A3E7-267F010FA320}.Debug|Any CPU.ActiveCfg = Debug|Any CPU
		{7E609FCF-FB58-4098-A3E7-267F010FA320}.Debug|Any CPU.Build.0 = Debug|Any CPU
		{7E609FCF-FB58-4098-A3E7-267F010FA320}.Release|Any CPU.ActiveCfg = Release|Any CPU
		{7E609FCF-FB58-4098-A3E7-267F010FA320}.Release|Any CPU.Build.0 = Release|Any CPU
		{777BD7F7-0482-4E75-8E5D-D79ACC8E68BB}.Debug|Any CPU.ActiveCfg = Debug|Any CPU
		{777BD7F7-0482-4E75-8E5D-D79ACC8E68BB}.Debug|Any CPU.Build.0 = Debug|Any CPU
		{777BD7F7-0482-4E75-8E5D-D79ACC8E68BB}.Release|Any CPU.ActiveCfg = Release|Any CPU
		{777BD7F7-0482-4E75-8E5D-D79ACC8E68BB}.Release|Any CPU.Build.0 = Release|Any CPU
	EndGlobalSection
EndGlobal
